
Microsoft Visual Studio Solution File, Format Version 11.00
# Visual Studio 2010
Project("{FAE04EC0-301F-11D3-BF4B-00C04F79EFBC}") = "FYP v.2", "FYP v.2\FYP v.2.csproj", "{21F0460B-0D85-4F1B-8EE3-44CA6517679B}"
EndProject
Global
	GlobalSection(SolutionConfigurationPlatforms) = preSolution
		Debug|x86 = Debug|x86
		Release|x86 = Release|x86
	EndGlobalSection
	GlobalSection(ProjectConfigurationPlatforms) = postSolution
		{21F0460B-0D85-4F1B-8EE3-44CA6517679B}.Debug|x86.ActiveCfg = Debug|x86
		{21F0460B-0D85-4F1B-8EE3-44CA6517679B}.Debug|x86.Build.0 = Debug|x86
		{21F0460B-0D85-4F1B-8EE3-44CA6517679B}.Release|x86.ActiveCfg = Release|x86
		{21F0460B-0D85-4F1B-8EE3-44CA6517679B}.Release|x86.Build.0 = Release|x86
	EndGlobalSection
	GlobalSection(SolutionProperties) = preSolution
		HideSolutionNode = FALSE
	EndGlobalSection
EndGlobal
